// !$*UTF8*$!
{
	archiveVersion = 1;
	classes = {
	};
	objectVersion = 46;
	objects = {

/* Begin PBXBuildFile section */
		F12FCCD91C57D6C5007EBA95 /* AppDelegate.swift in Sources */ = {isa = PBXBuildFile; fileRef = F12FCCD81C57D6C5007EBA95 /* AppDelegate.swift */; };
		F12FCCDB1C57D6C5007EBA95 /* ViewController.swift in Sources */ = {isa = PBXBuildFile; fileRef = F12FCCDA1C57D6C5007EBA95 /* ViewController.swift */; };
		F12FCCDE1C57D6C5007EBA95 /* Main.storyboard in Resources */ = {isa = PBXBuildFile; fileRef = F12FCCDC1C57D6C5007EBA95 /* Main.storyboard */; };
		F12FCCE01C57D6C5007EBA95 /* Assets.xcassets in Resources */ = {isa = PBXBuildFile; fileRef = F12FCCDF1C57D6C5007EBA95 /* Assets.xcassets */; };
		F12FCCE31C57D6C5007EBA95 /* LaunchScreen.storyboard in Resources */ = {isa = PBXBuildFile; fileRef = F12FCCE11C57D6C5007EBA95 /* LaunchScreen.storyboard */; };
/* End PBXBuildFile section */

/* Begin PBXFileReference section */
		F12FCCD51C57D6C5007EBA95 /* ScienceLexicon.app */ = {isa = PBXFileReference; explicitFileType = wrapper.application; includeInIndex = 0; path = ScienceLexicon.app; sourceTree = BUILT_PRODUCTS_DIR; };
		F12FCCD81C57D6C5007EBA95 /* AppDelegate.swift */ = {isa = PBXFileReference; lastKnownFileType = sourcecode.swift; path = AppDelegate.swift; sourceTree = "<group>"; };
		F12FCCDA1C57D6C5007EBA95 /* ViewController.swift */ = {isa = PBXFileReference; lastKnownFileType = sourcecode.swift; path = ViewController.swift; sourceTree = "<group>"; };
		F12FCCDD1C57D6C5007EBA95 /* Base */ = {isa = PBXFileReference; lastKnownFileType = file.storyboard; name = Base; path = Base.lproj/Main.storyboard; sourceTree = "<group>"; };
		F12FCCDF1C57D6C5007EBA95 /* Assets.xcassets */ = {isa = PBXFileReference; lastKnownFileType = folder.assetcatalog; path = Assets.xcassets; sourceTree = "<group>"; };
		F12FCCE21C57D6C5007EBA95 /* Base */ = {isa = PBXFileReference; lastKnownFileType = file.storyboard; name = Base; path = Base.lproj/LaunchScreen.storyboard; sourceTree = "<group>"; };
		F12FCCE41C57D6C5007EBA95 /* Info.plist */ = {isa = PBXFileReference; lastKnownFileType = text.plist.xml; path = Info.plist; sourceTree = "<group>"; };
/* End PBXFileReference section */

/* Begin PBXFrameworksBuildPhase section */
		F12FCCD21C57D6C5007EBA95 /* Frameworks */ = {
			isa = PBXFrameworksBuildPhase;
			buildActionMask = 2147483647;
			files = (
			);
			runOnlyForDeploymentPostprocessing = 0;
		};
/* End PBXFrameworksBuildPhase section */

/* Begin PBXGroup section */
		F12FCCCC1C57D6C5007EBA95 = {
			isa = PBXGroup;
			children = (
				F12FCCD71C57D6C5007EBA95 /* ScienceLexicon */,
				F12FCCD61C57D6C5007EBA95 /* Products */,
			);
			sourceTree = "<group>";
		};
		F12FCCD61C57D6C5007EBA95 /* Products */ = {
			isa = PBXGroup;
			children = (
				F12FCCD51C57D6C5007EBA95 /* ScienceLexicon.app */,
			);
			name = Products;
			sourceTree = "<group>";
		};
		F12FCCD71C57D6C5007EBA95 /* ScienceLexicon */ = {
			isa = PBXGroup;
			children = (
				F12FCCD81C57D6C5007EBA95 /* AppDelegate.swift */,
				F12FCCDA1C57D6C5007EBA95 /* ViewController.swift */,
				F12FCCDC1C57D6C5007EBA95 /* Main.storyboard */,
				F12FCCDF1C57D6C5007EBA95 /* Assets.xcassets */,
				F12FCCE11C57D6C5007EBA95 /* LaunchScreen.storyboard */,
				F12FCCE41C57D6C5007EBA95 /* Info.plist */,
			);
			path = ScienceLexicon;
			sourceTree = "<group>";
		};
/* End PBXGroup section */

/* Begin PBXNativeTarget section */
		F12FCCD41C57D6C5007EBA95 /* ScienceLexicon */ = {
			isa = PBXNativeTarget;
			buildConfigurationList = F12FCCE71C57D6C5007EBA95 /* Build configuration list for PBXNativeTarget "ScienceLexicon" */;
			buildPhases = (
				F12FCCD11C57D6C5007EBA95 /* Sources */,
				F12FCCD21C57D6C5007EBA95 /* Frameworks */,
				F12FCCD31C57D6C5007EBA95 /* Resources */,
			);
			buildRules = (
			);
			dependencies = (
			);
			name = ScienceLexicon;
			productName = ScienceLexicon;
			productReference = F12FCCD51C57D6C5007EBA95 /* ScienceLexicon.app */;
			productType = "com.apple.product-type.application";
		};
/* End PBXNativeTarget section */

/* Begin PBXProject section */
		F12FCCCD1C57D6C5007EBA95 /* Project object */ = {
			isa = PBXProject;
			attributes = {
				LastSwiftUpdateCheck = 0720;
				LastUpgradeCheck = 0720;
				ORGANIZATIONNAME = "Rudd Fawcett";
				TargetAttributes = {
					F12FCCD41C57D6C5007EBA95 = {
						CreatedOnToolsVersion = 7.2;
					};
				};
			};
			buildConfigurationList = F12FCCD01C57D6C5007EBA95 /* Build configuration list for PBXProject "ScienceLexicon" */;
			compatibilityVersion = "Xcode 3.2";
			developmentRegion = English;
			hasScannedForEncodings = 0;
			knownRegions = (
				en,
				Base,
			);
			mainGroup = F12FCCCC1C57D6C5007EBA95;
			productRefGroup = F12FCCD61C57D6C5007EBA95 /* Products */;
			projectDirPath = "";
			projectRoot = "";
			targets = (
				F12FCCD41C57D6C5007EBA95 /* ScienceLexicon */,
			);
		};
/* End PBXProject section */

/* Begin PBXResourcesBuildPhase section */
		F12FCCD31C57D6C5007EBA95 /* Resources */ = {
			isa = PBXResourcesBuildPhase;
			buildActionMask = 2147483647;
			files = (
				F12FCCE31C57D6C5007EBA95 /* LaunchScreen.storyboard in Resources */,
				F12FCCE01C57D6C5007EBA95 /* Assets.xcassets in Resources */,
				F12FCCDE1C57D6C5007EBA95 /* Main.storyboard in Resources */,
			);
			runOnlyForDeploymentPostprocessing = 0;
		};
/* End PBXResourcesBuildPhase section */

/* Begin PBXSourcesBuildPhase section */
		F12FCCD11C57D6C5007EBA95 /* Sources */ = {
			isa = PBXSourcesBuildPhase;
			buildActionMask = 2147483647;
			files = (
				F12FCCDB1C57D6C5007EBA95 /* ViewController.swift in Sources */,
				F12FCCD91C57D6C5007EBA95 /* AppDelegate.swift in Sources */,
			);
			runOnlyForDeploymentPostprocessing = 0;
		};
/* End PBXSourcesBuildPhase section */

/* Begin PBXVariantGroup section */
		F12FCCDC1C57D6C5007EBA95 /* Main.storyboard */ = {
			isa = PBXVariantGroup;
			children = (
				F12FCCDD1C57D6C5007EBA95 /* Base */,
			);
			name = Main.storyboard;
			sourceTree = "<group>";
		};
		F12FCCE11C57D6C5007EBA95 /* LaunchScreen.storyboard */ = {
			isa = PBXVariantGroup;
			children = (
				F12FCCE21C57D6C5007EBA95 /* Base */,
			);
			name = LaunchScreen.storyboard;
			sourceTree = "<group>";
		};
/* End PBXVariantGroup section */

/* Begin XCBuildConfiguration section */
		F12FCCE51C57D6C5007EBA95 /* Debug */ = {
			isa = XCBuildConfiguration;
			buildSettings = {
				ALWAYS_SEARCH_USER_PATHS = NO;
				CLANG_CXX_LANGUAGE_STANDARD = "gnu++0x";
				CLANG_CXX_LIBRARY = "libc++";
				CLANG_ENABLE_MODULES = YES;
				CLANG_ENABLE_OBJC_ARC = YES;
				CLANG_WARN_BOOL_CONVERSION = YES;
				CLANG_WARN_CONSTANT_CONVERSION = YES;
				CLANG_WARN_DIRECT_OBJC_ISA_USAGE = YES_ERROR;
				CLANG_WARN_EMPTY_BODY = YES;
				CLANG_WARN_ENUM_CONVERSION = YES;
				CLANG_WARN_INT_CONVERSION = YES;
				CLANG_WARN_OBJC_ROOT_CLASS = YES_ERROR;
				CLANG_WARN_UNREACHABLE_CODE = YES;
				CLANG_WARN__DUPLICATE_METHOD_MATCH = YES;
				"CODE_SIGN_IDENTITY[sdk=iphoneos*]" = "iPhone Developer";
				COPY_PHASE_STRIP = NO;
				DEBUG_INFORMATION_FORMAT = dwarf;
				ENABLE_STRICT_OBJC_MSGSEND = YES;
				ENABLE_TESTABILITY = YES;
				GCC_C_LANGUAGE_STANDARD = gnu99;
				GCC_DYNAMIC_NO_PIC = NO;
				GCC_NO_COMMON_BLOCKS = YES;
				GCC_OPTIMIZATION_LEVEL = 0;
				GCC_PREPROCESSOR_DEFINITIONS = (
					"DEBUG=1",
					"$(inherited)",
				);
				GCC_WARN_64_TO_32_BIT_CONVERSION = YES;
				GCC_WARN_ABOUT_RETURN_TYPE = YES_ERROR;
				GCC_WARN_UNDECLARED_SELECTOR = YES;
				GCC_WARN_UNINITIALIZED_AUTOS = YES_AGGRESSIVE;
				GCC_WARN_UNUSED_FUNCTION = YES;
				GCC_WARN_UNUSED_VARIABLE = YES;
				IPHONEOS_DEPLOYMENT_TARGET = 9.2;
				MTL_ENABLE_DEBUG_INFO = YES;
				ONLY_ACTIVE_ARCH = YES;
				SDKROOT = iphoneos;
				SWIFT_OPTIMIZATION_LEVEL = "-Onone";
			};
			name = Debug;
		};
		F12FCCE61C57D6C5007EBA95 /* Release */ = {
			isa = XCBuildConfiguration;
			buildSettings = {
				ALWAYS_SEARCH_USER_PATHS = NO;
				CLANG_CXX_LANGUAGE_STANDARD = "gnu++0x";
				CLANG_CXX_LIBRARY = "libc++";
				CLANG_ENABLE_MODULES = YES;
				CLANG_ENABLE_OBJC_ARC = YES;
				CLANG_WARN_BOOL_CONVERSION = YES;
				CLANG_WARN_CONSTANT_CONVERSION = YES;
				CLANG_WARN_DIRECT_OBJC_ISA_USAGE = YES_ERROR;
				CLANG_WARN_EMPTY_BODY = YES;
				CLANG_WARN_ENUM_CONVERSION = YES;
				CLANG_WARN_INT_CONVERSION = YES;
				CLANG_WARN_OBJC_ROOT_CLASS = YES_ERROR;
				CLANG_WARN_UNREACHABLE_CODE = YES;
				CLANG_WARN__DUPLICATE_METHOD_MATCH = YES;
				"CODE_SIGN_IDENTITY[sdk=iphoneos*]" = "iPhone Developer";
				COPY_PHASE_STRIP = NO;
				DEBUG_INFORMATION_FORMAT = "dwarf-with-dsym";
				ENABLE_NS_ASSERTIONS = NO;
				ENABLE_STRICT_OBJC_MSGSEND = YES;
				GCC_C_LANGUAGE_STANDARD = gnu99;
				GCC_NO_COMMON_BLOCKS = YES;
				GCC_WARN_64_TO_32_BIT_CONVERSION = YES;
				GCC_WARN_ABOUT_RETURN_TYPE = YES_ERROR;
				GCC_WARN_UNDECLARED_SELECTOR = YES;
				GCC_WARN_UNINITIALIZED_AUTOS = YES_AGGRESSIVE;
				GCC_WARN_UNUSED_FUNCTION = YES;
				GCC_WARN_UNUSED_VARIABLE = YES;
				IPHONEOS_DEPLOYMENT_TARGET = 9.2;
				MTL_ENABLE_DEBUG_INFO = NO;
				SDKROOT = iphoneos;
				VALIDATE_PRODUCT = YES;
			};
			name = Release;
		};
		F12FCCE81C57D6C5007EBA95 /* Debug */ = {
			isa = XCBuildConfiguration;
			buildSettings = {
				ASSETCATALOG_COMPILER_APPICON_NAME = AppIcon;
				INFOPLIST_FILE = ScienceLexicon/Info.plist;
				LD_RUNPATH_SEARCH_PATHS = "$(inherited) @executable_path/Frameworks";
				PRODUCT_BUNDLE_IDENTIFIER = org.nonsibi.ScienceLexicon;
				PRODUCT_NAME = "$(TARGET_NAME)";
			};
			name = Debug;
		};
		F12FCCE91C57D6C5007EBA95 /* Release */ = {
			isa = XCBuildConfiguration;
			buildSettings = {
				ASSETCATALOG_COMPILER_APPICON_NAME = AppIcon;
				INFOPLIST_FILE = ScienceLexicon/Info.plist;
				LD_RUNPATH_SEARCH_PATHS = "$(inherited) @executable_path/Frameworks";
				PRODUCT_BUNDLE_IDENTIFIER = org.nonsibi.ScienceLexicon;
				PRODUCT_NAME = "$(TARGET_NAME)";
			};
			name = Release;
		};
/* End XCBuildConfiguration section */

/* Begin XCConfigurationList section */
		F12FCCD01C57D6C5007EBA95 /* Build configuration list for PBXProject "ScienceLexicon" */ = {
			isa = XCConfigurationList;
			buildConfigurations = (
				F12FCCE51C57D6C5007EBA95 /* Debug */,
				F12FCCE61C57D6C5007EBA95 /* Release */,
			);
			defaultConfigurationIsVisible = 0;
			defaultConfigurationName = Release;
		};
		F12FCCE71C57D6C5007EBA95 /* Build configuration list for PBXNativeTarget "ScienceLexicon" */ = {
			isa = XCConfigurationList;
			buildConfigurations = (
				F12FCCE81C57D6C5007EBA95 /* Debug */,
				F12FCCE91C57D6C5007EBA95 /* Release */,
			);
			defaultConfigurationIsVisible = 0;
		};
/* End XCConfigurationList section */
	};
	rootObject = F12FCCCD1C57D6C5007EBA95 /* Project object */;
}
